<?xml version="1.0" encoding="utf-8"?>
<Project ToolsVersion="4.0" xmlns="http://schemas.microsoft.com/developer/msbuild/2003">
  <ItemGroup>
    <ClCompile Include="tokens.tab.cpp" />
    <ClCompile Include="AssignmentStatement.cpp">
      <Filter>Исходный код</Filter>
    </ClCompile>
    <ClCompile Include="BinExp.cpp">
      <Filter>Исходный код</Filter>
    </ClCompile>
    <ClCompile Include="ClassDecl.cpp">
      <Filter>Исходный код</Filter>
    </ClCompile>
    <ClCompile Include="ClassDeclList.cpp">
      <Filter>Исходный код</Filter>
    </ClCompile>
    <ClCompile Include="ExpList.cpp">
      <Filter>Исходный код</Filter>
    </ClCompile>
    <ClCompile Include="FormalList.cpp">
      <Filter>Исходный код</Filter>
    </ClCompile>
    <ClCompile Include="IfStatement.cpp">
      <Filter>Исходный код</Filter>
    </ClCompile>
    <ClCompile Include="LengthExp.cpp">
      <Filter>Исходный код</Filter>
    </ClCompile>
    <ClCompile Include="main.cpp">
      <Filter>Исходный код</Filter>
    </ClCompile>
    <ClCompile Include="MainClass.cpp">
      <Filter>Исходный код</Filter>
    </ClCompile>
    <ClCompile Include="MethodDecl.cpp">
      <Filter>Исходный код</Filter>
    </ClCompile>
    <ClCompile Include="MethodDeclList.cpp">
      <Filter>Исходный код</Filter>
    </ClCompile>
    <ClCompile Include="NewClass.cpp">
      <Filter>Исходный код</Filter>
    </ClCompile>
    <ClCompile Include="NewInt.cpp">
      <Filter>Исходный код</Filter>
    </ClCompile>
    <ClCompile Include="PrintStatement.cpp">
      <Filter>Исходный код</Filter>
    </ClCompile>
    <ClCompile Include="Program.cpp">
      <Filter>Исходный код</Filter>
    </ClCompile>
    <ClCompile Include="StatementList.cpp">
      <Filter>Исходный код</Filter>
    </ClCompile>
    <ClCompile Include="tokens.flex.cpp">
      <Filter>Исходный код</Filter>
    </ClCompile>
    <ClCompile Include="VarDecl.cpp">
      <Filter>Исходный код</Filter>
    </ClCompile>
    <ClCompile Include="UnExp.cpp">
      <Filter>Исходный код</Filter>
    </ClCompile>
    <ClCompile Include="VarDeclList.cpp">
      <Filter>Исходный код</Filter>
    </ClCompile>
    <ClCompile Include="WhileStatement.cpp">
      <Filter>Исходный код</Filter>
    </ClCompile>
    <ClCompile Include="PrettyPrinter.cpp">
      <Filter>Исходный код</Filter>
    </ClCompile>
    <ClCompile Include="Type.cpp">
      <Filter>Исходный код</Filter>
    </ClCompile>
  </ItemGroup>
  <ItemGroup>
    <ClInclude Include="tokens.tab.hpp" />
    <ClInclude Include="AssignmentStatement.h">
      <Filter>Заголовочные файлы</Filter>
    </ClInclude>
    <ClInclude Include="BinExp.h">
      <Filter>Заголовочные файлы</Filter>
    </ClInclude>
    <ClInclude Include="ClassDecl.h">
      <Filter>Заголовочные файлы</Filter>
    </ClInclude>
    <ClInclude Include="ClassDeclList.h">
      <Filter>Заголовочные файлы</Filter>
    </ClInclude>
    <ClInclude Include="classes.h">
      <Filter>Заголовочные файлы</Filter>
    </ClInclude>
    <ClInclude Include="common.h">
      <Filter>Заголовочные файлы</Filter>
    </ClInclude>
    <ClInclude Include="ExpList.h">
      <Filter>Заголовочные файлы</Filter>
    </ClInclude>
    <ClInclude Include="FormalList.h">
      <Filter>Заголовочные файлы</Filter>
    </ClInclude>
    <ClInclude Include="Grammar.h">
      <Filter>Заголовочные файлы</Filter>
    </ClInclude>
    <ClInclude Include="IfStatement.h">
      <Filter>Заголовочные файлы</Filter>
    </ClInclude>
    <ClInclude Include="LengthExp.h">
      <Filter>Заголовочные файлы</Filter>
    </ClInclude>
    <ClInclude Include="MainClass.h">
      <Filter>Заголовочные файлы</Filter>
    </ClInclude>
    <ClInclude Include="MethodDecl.h">
      <Filter>Заголовочные файлы</Filter>
    </ClInclude>
    <ClInclude Include="MethodDeclList.h">
      <Filter>Заголовочные файлы</Filter>
    </ClInclude>
    <ClInclude Include="NewClass.h">
      <Filter>Заголовочные файлы</Filter>
    </ClInclude>
    <ClInclude Include="NewInt.h">
      <Filter>Заголовочные файлы</Filter>
    </ClInclude>
    <ClInclude Include="PrintStatement.h">
      <Filter>Заголовочные файлы</Filter>
    </ClInclude>
    <ClInclude Include="StatementList.h">
      <Filter>Заголовочные файлы</Filter>
    </ClInclude>
    <ClInclude Include="Program.h">
      <Filter>Заголовочные файлы</Filter>
    </ClInclude>
    <ClInclude Include="UnExp.h">
      <Filter>Заголовочные файлы</Filter>
    </ClInclude>
    <ClInclude Include="VarDecl.h">
      <Filter>Заголовочные файлы</Filter>
    </ClInclude>
    <ClInclude Include="VarDeclList.h">
      <Filter>Заголовочные файлы</Filter>
    </ClInclude>
    <ClInclude Include="WhileStatement.h">
      <Filter>Заголовочные файлы</Filter>
    </ClInclude>
    <ClInclude Include="PrettyPrinter.h">
      <Filter>Заголовочные файлы</Filter>
    </ClInclude>
  </ItemGroup>
  <ItemGroup>
    <CustomBuild Include="tokens.y" />
  </ItemGroup>
  <ItemGroup>
    <Flex Include="tokens.l" />
  </ItemGroup>
  <ItemGroup>
    <Filter Include="Заголовочные файлы">
      <UniqueIdentifier>{780f9232-da54-4398-a338-3fd2f3dfb8ef}</UniqueIdentifier>
    </Filter>
    <Filter Include="Исходный код">
      <UniqueIdentifier>{ad54d104-1740-4005-ac7b-660adcfcfd61}</UniqueIdentifier>
    </Filter>
  </ItemGroup>
</Project>