<?xml version="1.0" encoding="utf-8"?>
<Project ToolsVersion="4.0" xmlns="http://schemas.microsoft.com/developer/msbuild/2003">
  <ItemGroup>
    <ClCompile Include="AsmTreeMaker.cpp">
      <Filter>CodeGeneration</Filter>
    </ClCompile>
    <ClCompile Include="LifetimeAnalysis.cpp">
      <Filter>CodeGeneration</Filter>
    </ClCompile>
    <ClCompile Include="RegisterDistribution.cpp">
      <Filter>CodeGeneration</Filter>
    </ClCompile>
    <ClCompile Include="Frame.cpp">
      <Filter>Common</Filter>
    </ClCompile>
    <ClCompile Include="SymbolsTable.cpp">
      <Filter>Common</Filter>
    </ClCompile>
    <ClCompile Include="Temp.cpp">
      <Filter>Common</Filter>
    </ClCompile>
    <ClCompile Include="tokens.flex.cpp">
      <Filter>Common</Filter>
    </ClCompile>
    <ClCompile Include="tokens.tab.cpp">
      <Filter>Common</Filter>
    </ClCompile>
    <ClCompile Include="IIRExp.cpp">
      <Filter>IRT</Filter>
    </ClCompile>
    <ClCompile Include="IRBinOp.cpp">
      <Filter>IRT</Filter>
    </ClCompile>
    <ClCompile Include="IRCall.cpp">
      <Filter>IRT</Filter>
    </ClCompile>
    <ClCompile Include="IRCjump.cpp">
      <Filter>IRT</Filter>
    </ClCompile>
    <ClCompile Include="IRConditionalWrapper.cpp">
      <Filter>IRT</Filter>
    </ClCompile>
    <ClCompile Include="IRConst.cpp">
      <Filter>IRT</Filter>
    </ClCompile>
    <ClCompile Include="IRESeq.cpp">
      <Filter>IRT</Filter>
    </ClCompile>
    <ClCompile Include="IRExp.cpp">
      <Filter>IRT</Filter>
    </ClCompile>
    <ClCompile Include="IRExpConverter.cpp">
      <Filter>IRT</Filter>
    </ClCompile>
    <ClCompile Include="IRJump.cpp">
      <Filter>IRT</Filter>
    </ClCompile>
    <ClCompile Include="IRLabel.cpp">
      <Filter>IRT</Filter>
    </ClCompile>
    <ClCompile Include="IRMem.cpp">
      <Filter>IRT</Filter>
    </ClCompile>
    <ClCompile Include="IRMove.cpp">
      <Filter>IRT</Filter>
    </ClCompile>
    <ClCompile Include="IRName.cpp">
      <Filter>IRT</Filter>
    </ClCompile>
    <ClCompile Include="IRSeq.cpp">
      <Filter>IRT</Filter>
    </ClCompile>
    <ClCompile Include="IRStmConverter.cpp">
      <Filter>IRT</Filter>
    </ClCompile>
    <ClCompile Include="IRTemp.cpp">
      <Filter>IRT</Filter>
    </ClCompile>
    <ClCompile Include="AssignmentStatement.cpp">
      <Filter>Nodes</Filter>
    </ClCompile>
    <ClCompile Include="BinExp.cpp">
      <Filter>Nodes</Filter>
    </ClCompile>
    <ClCompile Include="ClassDecl.cpp">
      <Filter>Nodes</Filter>
    </ClCompile>
    <ClCompile Include="ClassDeclList.cpp">
      <Filter>Nodes</Filter>
    </ClCompile>
    <ClCompile Include="Constructor.cpp">
      <Filter>Nodes</Filter>
    </ClCompile>
    <ClCompile Include="ElementAssignment.cpp">
      <Filter>Nodes</Filter>
    </ClCompile>
    <ClCompile Include="ExpList.cpp">
      <Filter>Nodes</Filter>
    </ClCompile>
    <ClCompile Include="FormalList.cpp">
      <Filter>Nodes</Filter>
    </ClCompile>
    <ClCompile Include="Id.cpp">
      <Filter>Nodes</Filter>
    </ClCompile>
    <ClCompile Include="IfStatement.cpp">
      <Filter>Nodes</Filter>
    </ClCompile>
    <ClCompile Include="LengthExp.cpp">
      <Filter>Nodes</Filter>
    </ClCompile>
    <ClCompile Include="MainClass.cpp">
      <Filter>Nodes</Filter>
    </ClCompile>
    <ClCompile Include="MethodCall.cpp">
      <Filter>Nodes</Filter>
    </ClCompile>
    <ClCompile Include="MethodDecl.cpp">
      <Filter>Nodes</Filter>
    </ClCompile>
    <ClCompile Include="MethodDeclList.cpp">
      <Filter>Nodes</Filter>
    </ClCompile>
    <ClCompile Include="NewInt.cpp">
      <Filter>Nodes</Filter>
    </ClCompile>
    <ClCompile Include="Number.cpp">
      <Filter>Nodes</Filter>
    </ClCompile>
    <ClCompile Include="PrintStatement.cpp">
      <Filter>Nodes</Filter>
    </ClCompile>
    <ClCompile Include="Program.cpp">
      <Filter>Nodes</Filter>
    </ClCompile>
    <ClCompile Include="StatementBlock.cpp">
      <Filter>Nodes</Filter>
    </ClCompile>
    <ClCompile Include="StatementList.cpp">
      <Filter>Nodes</Filter>
    </ClCompile>
    <ClCompile Include="Type.cpp">
      <Filter>Nodes</Filter>
    </ClCompile>
    <ClCompile Include="UnExp.cpp">
      <Filter>Nodes</Filter>
    </ClCompile>
    <ClCompile Include="VarDecl.cpp">
      <Filter>Nodes</Filter>
    </ClCompile>
    <ClCompile Include="VarDeclList.cpp">
      <Filter>Nodes</Filter>
    </ClCompile>
    <ClCompile Include="WhileStatement.cpp">
      <Filter>Nodes</Filter>
    </ClCompile>
    <ClCompile Include="Digraph.cpp">
      <Filter>Visitors</Filter>
    </ClCompile>
    <ClCompile Include="IRBlockDecompositor.cpp">
      <Filter>Visitors</Filter>
    </ClCompile>
    <ClCompile Include="IRCanonizator.cpp">
      <Filter>Visitors</Filter>
    </ClCompile>
    <ClCompile Include="IRTranslator.cpp">
      <Filter>Visitors</Filter>
    </ClCompile>
    <ClCompile Include="IRTreePrettyPrinter.cpp">
      <Filter>Visitors</Filter>
    </ClCompile>
    <ClCompile Include="PrettyPrinter.cpp">
      <Filter>Visitors</Filter>
    </ClCompile>
    <ClCompile Include="SymbTableBuilder.cpp">
      <Filter>Visitors</Filter>
    </ClCompile>
    <ClCompile Include="TypeChecker.cpp">
      <Filter>Visitors</Filter>
    </ClCompile>
  </ItemGroup>
  <ItemGroup>
    <ClInclude Include="AssignmentStatement.h">
      <Filter>Nodes</Filter>
    </ClInclude>
    <ClInclude Include="BinExp.h">
      <Filter>Nodes</Filter>
    </ClInclude>
    <ClInclude Include="ClassDecl.h">
      <Filter>Nodes</Filter>
    </ClInclude>
    <ClInclude Include="ClassDeclList.h">
      <Filter>Nodes</Filter>
    </ClInclude>
    <ClInclude Include="Constructor.h">
      <Filter>Nodes</Filter>
    </ClInclude>
    <ClInclude Include="ElementAssignment.h">
      <Filter>Nodes</Filter>
    </ClInclude>
    <ClInclude Include="ExpList.h">
      <Filter>Nodes</Filter>
    </ClInclude>
    <ClInclude Include="FormalList.h">
      <Filter>Nodes</Filter>
    </ClInclude>
    <ClInclude Include="Id.h">
      <Filter>Nodes</Filter>
    </ClInclude>
    <ClInclude Include="IfStatement.h">
      <Filter>Nodes</Filter>
    </ClInclude>
    <ClInclude Include="LengthExp.h">
      <Filter>Nodes</Filter>
    </ClInclude>
    <ClInclude Include="MainClass.h">
      <Filter>Nodes</Filter>
    </ClInclude>
    <ClInclude Include="MethodCall.h">
      <Filter>Nodes</Filter>
    </ClInclude>
    <ClInclude Include="MethodDecl.h">
      <Filter>Nodes</Filter>
    </ClInclude>
    <ClInclude Include="MethodDeclList.h">
      <Filter>Nodes</Filter>
    </ClInclude>
    <ClInclude Include="NewInt.h">
      <Filter>Nodes</Filter>
    </ClInclude>
    <ClInclude Include="Number.h">
      <Filter>Nodes</Filter>
    </ClInclude>
    <ClInclude Include="PrintStatement.h">
      <Filter>Nodes</Filter>
    </ClInclude>
    <ClInclude Include="Program.h">
      <Filter>Nodes</Filter>
    </ClInclude>
    <ClInclude Include="StatementBlock.h">
      <Filter>Nodes</Filter>
    </ClInclude>
    <ClInclude Include="StatementList.h">
      <Filter>Nodes</Filter>
    </ClInclude>
    <ClInclude Include="UnExp.h">
      <Filter>Nodes</Filter>
    </ClInclude>
    <ClInclude Include="VarDecl.h">
      <Filter>Nodes</Filter>
    </ClInclude>
    <ClInclude Include="VarDeclList.h">
      <Filter>Nodes</Filter>
    </ClInclude>
    <ClInclude Include="WhileStatement.h">
      <Filter>Nodes</Filter>
    </ClInclude>
    <ClInclude Include="PrettyPrinter.h">
      <Filter>Visitors</Filter>
    </ClInclude>
    <ClInclude Include="SymbTableBuilder.h">
      <Filter>Visitors</Filter>
    </ClInclude>
    <ClInclude Include="classes.h">
      <Filter>Common</Filter>
    </ClInclude>
    <ClInclude Include="common.h">
      <Filter>Common</Filter>
    </ClInclude>
    <ClInclude Include="Grammar.h">
      <Filter>Common</Filter>
    </ClInclude>
    <ClInclude Include="Symbol.h">
      <Filter>Common</Filter>
    </ClInclude>
    <ClInclude Include="SymbolsTable.h">
      <Filter>Common</Filter>
    </ClInclude>
    <ClInclude Include="tokens.tab.hpp">
      <Filter>Common</Filter>
    </ClInclude>
    <ClInclude Include="TypeChecker.h">
      <Filter>Visitors</Filter>
    </ClInclude>
    <ClInclude Include="IVisitor.h">
      <Filter>Visitors</Filter>
    </ClInclude>
    <ClInclude Include="ThisMethodCall.h">
      <Filter>Nodes</Filter>
    </ClInclude>
    <ClInclude Include="Frame.h">
      <Filter>Common</Filter>
    </ClInclude>
    <ClInclude Include="IIRExp.h">
      <Filter>IRT</Filter>
    </ClInclude>
    <ClInclude Include="IIRStm.h">
      <Filter>IRT</Filter>
    </ClInclude>
    <ClInclude Include="IRMove.h">
      <Filter>IRT</Filter>
    </ClInclude>
    <ClInclude Include="IRExp.h">
      <Filter>IRT</Filter>
    </ClInclude>
    <ClInclude Include="IRCjump.h">
      <Filter>IRT</Filter>
    </ClInclude>
    <ClInclude Include="IRJump.h">
      <Filter>IRT</Filter>
    </ClInclude>
    <ClInclude Include="IRLabel.h">
      <Filter>IRT</Filter>
    </ClInclude>
    <ClInclude Include="IRSeq.h">
      <Filter>IRT</Filter>
    </ClInclude>
    <ClInclude Include="IIRSubtreeWrapper.h">
      <Filter>IRT</Filter>
    </ClInclude>
    <ClInclude Include="IRExpConverter.h">
      <Filter>IRT</Filter>
    </ClInclude>
    <ClInclude Include="IREnums.h">
      <Filter>IRT</Filter>
    </ClInclude>
    <ClInclude Include="IRStmConverter.h">
      <Filter>IRT</Filter>
    </ClInclude>
    <ClInclude Include="IRTranslator.h">
      <Filter>Visitors</Filter>
    </ClInclude>
    <ClInclude Include="IRBinOp.h">
      <Filter>IRT</Filter>
    </ClInclude>
    <ClInclude Include="IRCall.h">
      <Filter>IRT</Filter>
    </ClInclude>
    <ClInclude Include="IRConst.h">
      <Filter>IRT</Filter>
    </ClInclude>
    <ClInclude Include="IRESeq.h">
      <Filter>IRT</Filter>
    </ClInclude>
    <ClInclude Include="IRMem.h">
      <Filter>IRT</Filter>
    </ClInclude>
    <ClInclude Include="IRName.h">
      <Filter>IRT</Filter>
    </ClInclude>
    <ClInclude Include="IRTemp.h">
      <Filter>IRT</Filter>
    </ClInclude>
    <ClInclude Include="IRClasses.h">
      <Filter>Common</Filter>
    </ClInclude>
    <ClInclude Include="IRTreePrettyPrinter.h">
      <Filter>Visitors</Filter>
    </ClInclude>
    <ClInclude Include="Temp.h">
      <Filter>Common</Filter>
    </ClInclude>
    <ClInclude Include="IRConditionalWrapper.h">
      <Filter>IRT</Filter>
    </ClInclude>
    <ClInclude Include="IRCanonizator.h">
      <Filter>Visitors</Filter>
    </ClInclude>
    <ClInclude Include="Digraph.h">
      <Filter>Visitors</Filter>
    </ClInclude>
    <ClInclude Include="IRBlockDecompositor.h">
      <Filter>Visitors</Filter>
    </ClInclude>
    <ClInclude Include="Instruction.h">
      <Filter>CodeGeneration</Filter>
    </ClInclude>
    <ClInclude Include="AsmTreeMaker.h">
      <Filter>CodeGeneration</Filter>
    </ClInclude>
    <ClInclude Include="LifetimeAnalysis.h">
      <Filter>CodeGeneration</Filter>
    </ClInclude>
    <ClInclude Include="RegisterDistribution.h">
      <Filter>CodeGeneration</Filter>
    </ClInclude>
  </ItemGroup>
  <ItemGroup>
    <Filter Include="Заголовочные файлы">
      <UniqueIdentifier>{780f9232-da54-4398-a338-3fd2f3dfb8ef}</UniqueIdentifier>
    </Filter>
    <Filter Include="Исходный код">
      <UniqueIdentifier>{ad54d104-1740-4005-ac7b-660adcfcfd61}</UniqueIdentifier>
    </Filter>
    <Filter Include="CodeGeneration">
      <UniqueIdentifier>{7287f157-b5ea-4c05-9e3b-9ac4f81b4187}</UniqueIdentifier>
    </Filter>
    <Filter Include="Common">
      <UniqueIdentifier>{f1a488d8-1ec1-407f-b252-afadcb340b21}</UniqueIdentifier>
    </Filter>
    <Filter Include="IRT">
      <UniqueIdentifier>{028db168-29bf-436b-816a-1e84dd483815}</UniqueIdentifier>
    </Filter>
    <Filter Include="Nodes">
      <UniqueIdentifier>{5d25ff74-3de8-4f3b-aff1-a19efea8bab5}</UniqueIdentifier>
    </Filter>
    <Filter Include="Visitors">
      <UniqueIdentifier>{f9b17409-4221-4026-bc95-739e48bc5c4b}</UniqueIdentifier>
    </Filter>
  </ItemGroup>
  <ItemGroup>
    <Flex Include="tokens.l">
      <Filter>Common</Filter>
    </Flex>
  </ItemGroup>
  <ItemGroup>
    <CustomBuild Include="tokens.y">
      <Filter>Common</Filter>
    </CustomBuild>
  </ItemGroup>
</Project>